// !$*UTF8*$!
{
	archiveVersion = 1;
	classes = {
	};
	objectVersion = 55;
	objects = {

/* Begin PBXBuildFile section */
		213772292886ED9C006A9D4A /* LayoutView.swift in Sources */ = {isa = PBXBuildFile; fileRef = 213772282886ED9C006A9D4A /* LayoutView.swift */; };
		2137722B2886F7CD006A9D4A /* Workouts.swift in Sources */ = {isa = PBXBuildFile; fileRef = 2137722A2886F7CD006A9D4A /* Workouts.swift */; };
		2137722F288729CB006A9D4A /* GifView.swift in Sources */ = {isa = PBXBuildFile; fileRef = 2137722E288729CB006A9D4A /* GifView.swift */; };
		213772342887313D006A9D4A /* WorkoutCardView.swift in Sources */ = {isa = PBXBuildFile; fileRef = 213772332887313D006A9D4A /* WorkoutCardView.swift */; };
		2168715E2886EBE5007757C8 /* GymBroApp.swift in Sources */ = {isa = PBXBuildFile; fileRef = 2168715D2886EBE5007757C8 /* GymBroApp.swift */; };
		216871602886EBE5007757C8 /* ContentView.swift in Sources */ = {isa = PBXBuildFile; fileRef = 2168715F2886EBE5007757C8 /* ContentView.swift */; };
		216871622886EBE9007757C8 /* Assets.xcassets in Resources */ = {isa = PBXBuildFile; fileRef = 216871612886EBE9007757C8 /* Assets.xcassets */; };
		216871652886EBE9007757C8 /* Preview Assets.xcassets in Resources */ = {isa = PBXBuildFile; fileRef = 216871642886EBE9007757C8 /* Preview Assets.xcassets */; };
		216871672886EBE9007757C8 /* Persistence.swift in Sources */ = {isa = PBXBuildFile; fileRef = 216871662886EBE9007757C8 /* Persistence.swift */; };
		2168716A2886EBE9007757C8 /* GymBro.xcdatamodeld in Sources */ = {isa = PBXBuildFile; fileRef = 216871682886EBE9007757C8 /* GymBro.xcdatamodeld */; };
		21D3E8C9288986710077D5E8 /* TagView.swift in Sources */ = {isa = PBXBuildFile; fileRef = 21D3E8C8288986710077D5E8 /* TagView.swift */; };
		21D3E8CB288986E40077D5E8 /* Favorites.swift in Sources */ = {isa = PBXBuildFile; fileRef = 21D3E8CA288986E40077D5E8 /* Favorites.swift */; };
		21D3E8CD2889998D0077D5E8 /* WorkoutListItemView.swift in Sources */ = {isa = PBXBuildFile; fileRef = 21D3E8CC2889998D0077D5E8 /* WorkoutListItemView.swift */; };
		21D3E8CF288AB4DD0077D5E8 /* PlannedWorkouts.swift in Sources */ = {isa = PBXBuildFile; fileRef = 21D3E8CE288AB4DD0077D5E8 /* PlannedWorkouts.swift */; };
		21D3E8D1288AB93A0077D5E8 /* MuscleModel.swift in Sources */ = {isa = PBXBuildFile; fileRef = 21D3E8D0288AB93A0077D5E8 /* MuscleModel.swift */; };
		21D3E8D3288AB9D40077D5E8 /* WorkoutModel.swift in Sources */ = {isa = PBXBuildFile; fileRef = 21D3E8D2288AB9D40077D5E8 /* WorkoutModel.swift */; };
		21D3E8D6288AC97E0077D5E8 /* Service.swift in Sources */ = {isa = PBXBuildFile; fileRef = 21D3E8D5288AC97E0077D5E8 /* Service.swift */; };
		21D3E8D8288AE9C40077D5E8 /* LayoutVC.swift in Sources */ = {isa = PBXBuildFile; fileRef = 21D3E8D7288AE9C40077D5E8 /* LayoutVC.swift */; };
		21D3E8DA288AEF4C0077D5E8 /* WorkoutsVC.swift in Sources */ = {isa = PBXBuildFile; fileRef = 21D3E8D9288AEF4C0077D5E8 /* WorkoutsVC.swift */; };
		21D3E8DD288D4A7F0077D5E8 /* Constants.swift in Sources */ = {isa = PBXBuildFile; fileRef = 21D3E8DC288D4A7F0077D5E8 /* Constants.swift */; };
/* End PBXBuildFile section */

/* Begin PBXFileReference section */
		213772282886ED9C006A9D4A /* LayoutView.swift */ = {isa = PBXFileReference; lastKnownFileType = sourcecode.swift; path = LayoutView.swift; sourceTree = "<group>"; };
		2137722A2886F7CD006A9D4A /* Workouts.swift */ = {isa = PBXFileReference; lastKnownFileType = sourcecode.swift; path = Workouts.swift; sourceTree = "<group>"; };
		2137722E288729CB006A9D4A /* GifView.swift */ = {isa = PBXFileReference; lastKnownFileType = sourcecode.swift; path = GifView.swift; sourceTree = "<group>"; };
		213772332887313D006A9D4A /* WorkoutCardView.swift */ = {isa = PBXFileReference; lastKnownFileType = sourcecode.swift; path = WorkoutCardView.swift; sourceTree = "<group>"; };
		2168715A2886EBE5007757C8 /* GymBro.app */ = {isa = PBXFileReference; explicitFileType = wrapper.application; includeInIndex = 0; path = GymBro.app; sourceTree = BUILT_PRODUCTS_DIR; };
		2168715D2886EBE5007757C8 /* GymBroApp.swift */ = {isa = PBXFileReference; lastKnownFileType = sourcecode.swift; path = GymBroApp.swift; sourceTree = "<group>"; };
		2168715F2886EBE5007757C8 /* ContentView.swift */ = {isa = PBXFileReference; lastKnownFileType = sourcecode.swift; path = ContentView.swift; sourceTree = "<group>"; };
		216871612886EBE9007757C8 /* Assets.xcassets */ = {isa = PBXFileReference; lastKnownFileType = folder.assetcatalog; path = Assets.xcassets; sourceTree = "<group>"; };
		216871642886EBE9007757C8 /* Preview Assets.xcassets */ = {isa = PBXFileReference; lastKnownFileType = folder.assetcatalog; path = "Preview Assets.xcassets"; sourceTree = "<group>"; };
		216871662886EBE9007757C8 /* Persistence.swift */ = {isa = PBXFileReference; lastKnownFileType = sourcecode.swift; path = Persistence.swift; sourceTree = "<group>"; };
		216871692886EBE9007757C8 /* GymBro.xcdatamodel */ = {isa = PBXFileReference; lastKnownFileType = wrapper.xcdatamodel; path = GymBro.xcdatamodel; sourceTree = "<group>"; };
		21D3E8C8288986710077D5E8 /* TagView.swift */ = {isa = PBXFileReference; lastKnownFileType = sourcecode.swift; path = TagView.swift; sourceTree = "<group>"; };
		21D3E8CA288986E40077D5E8 /* Favorites.swift */ = {isa = PBXFileReference; lastKnownFileType = sourcecode.swift; path = Favorites.swift; sourceTree = "<group>"; };
		21D3E8CC2889998D0077D5E8 /* WorkoutListItemView.swift */ = {isa = PBXFileReference; lastKnownFileType = sourcecode.swift; path = WorkoutListItemView.swift; sourceTree = "<group>"; };
		21D3E8CE288AB4DD0077D5E8 /* PlannedWorkouts.swift */ = {isa = PBXFileReference; lastKnownFileType = sourcecode.swift; path = PlannedWorkouts.swift; sourceTree = "<group>"; };
		21D3E8D0288AB93A0077D5E8 /* MuscleModel.swift */ = {isa = PBXFileReference; lastKnownFileType = sourcecode.swift; path = MuscleModel.swift; sourceTree = "<group>"; };
		21D3E8D2288AB9D40077D5E8 /* WorkoutModel.swift */ = {isa = PBXFileReference; lastKnownFileType = sourcecode.swift; path = WorkoutModel.swift; sourceTree = "<group>"; };
		21D3E8D5288AC97E0077D5E8 /* Service.swift */ = {isa = PBXFileReference; lastKnownFileType = sourcecode.swift; path = Service.swift; sourceTree = "<group>"; };
		21D3E8D7288AE9C40077D5E8 /* LayoutVC.swift */ = {isa = PBXFileReference; lastKnownFileType = sourcecode.swift; path = LayoutVC.swift; sourceTree = "<group>"; };
		21D3E8D9288AEF4C0077D5E8 /* WorkoutsVC.swift */ = {isa = PBXFileReference; lastKnownFileType = sourcecode.swift; path = WorkoutsVC.swift; sourceTree = "<group>"; };
		21D3E8DB288D49680077D5E8 /* Info.plist */ = {isa = PBXFileReference; lastKnownFileType = text.plist; path = Info.plist; sourceTree = "<group>"; };
		21D3E8DC288D4A7F0077D5E8 /* Constants.swift */ = {isa = PBXFileReference; lastKnownFileType = sourcecode.swift; path = Constants.swift; sourceTree = "<group>"; };
/* End PBXFileReference section */

/* Begin PBXFrameworksBuildPhase section */
		216871572886EBE5007757C8 /* Frameworks */ = {
			isa = PBXFrameworksBuildPhase;
			buildActionMask = 2147483647;
			files = (
			);
			runOnlyForDeploymentPostprocessing = 0;
		};
/* End PBXFrameworksBuildPhase section */

/* Begin PBXGroup section */
		216871512886EBE5007757C8 = {
			isa = PBXGroup;
			children = (
				2168715C2886EBE5007757C8 /* GymBro */,
				2168715B2886EBE5007757C8 /* Products */,
			);
			sourceTree = "<group>";
		};
		2168715B2886EBE5007757C8 /* Products */ = {
			isa = PBXGroup;
			children = (
				2168715A2886EBE5007757C8 /* GymBro.app */,
			);
			name = Products;
			sourceTree = "<group>";
		};
		2168715C2886EBE5007757C8 /* GymBro */ = {
			isa = PBXGroup;
			children = (
				21D3E8DB288D49680077D5E8 /* Info.plist */,
				21D3E8D4288AC9610077D5E8 /* Utils */,
				216871732886EC36007757C8 /* Controllers */,
				216871722886EC2E007757C8 /* Models */,
				216871712886EC24007757C8 /* Views */,
				216871702886EC1D007757C8 /* Screens */,
				2168715D2886EBE5007757C8 /* GymBroApp.swift */,
				213772282886ED9C006A9D4A /* LayoutView.swift */,
				216871612886EBE9007757C8 /* Assets.xcassets */,
				216871632886EBE9007757C8 /* Preview Content */,
			);
			path = GymBro;
			sourceTree = "<group>";
		};
		216871632886EBE9007757C8 /* Preview Content */ = {
			isa = PBXGroup;
			children = (
				216871642886EBE9007757C8 /* Preview Assets.xcassets */,
			);
			path = "Preview Content";
			sourceTree = "<group>";
		};
		216871702886EC1D007757C8 /* Screens */ = {
			isa = PBXGroup;
			children = (
				2168715F2886EBE5007757C8 /* ContentView.swift */,
				2137722A2886F7CD006A9D4A /* Workouts.swift */,
				21D3E8CA288986E40077D5E8 /* Favorites.swift */,
				21D3E8CE288AB4DD0077D5E8 /* PlannedWorkouts.swift */,
			);
			path = Screens;
			sourceTree = "<group>";
		};
		216871712886EC24007757C8 /* Views */ = {
			isa = PBXGroup;
			children = (
				2137722E288729CB006A9D4A /* GifView.swift */,
				213772332887313D006A9D4A /* WorkoutCardView.swift */,
				21D3E8C8288986710077D5E8 /* TagView.swift */,
				21D3E8CC2889998D0077D5E8 /* WorkoutListItemView.swift */,
			);
			path = Views;
			sourceTree = "<group>";
		};
		216871722886EC2E007757C8 /* Models */ = {
			isa = PBXGroup;
			children = (
				216871682886EBE9007757C8 /* GymBro.xcdatamodeld */,
				216871662886EBE9007757C8 /* Persistence.swift */,
				21D3E8D0288AB93A0077D5E8 /* MuscleModel.swift */,
				21D3E8D2288AB9D40077D5E8 /* WorkoutModel.swift */,
			);
			path = Models;
			sourceTree = "<group>";
		};
		216871732886EC36007757C8 /* Controllers */ = {
			isa = PBXGroup;
			children = (
				21D3E8D7288AE9C40077D5E8 /* LayoutVC.swift */,
				21D3E8D9288AEF4C0077D5E8 /* WorkoutsVC.swift */,
			);
			path = Controllers;
			sourceTree = "<group>";
		};
		21D3E8D4288AC9610077D5E8 /* Utils */ = {
			isa = PBXGroup;
			children = (
				21D3E8D5288AC97E0077D5E8 /* Service.swift */,
				21D3E8DC288D4A7F0077D5E8 /* Constants.swift */,
			);
			path = Utils;
			sourceTree = "<group>";
		};
/* End PBXGroup section */

/* Begin PBXNativeTarget section */
		216871592886EBE5007757C8 /* GymBro */ = {
			isa = PBXNativeTarget;
			buildConfigurationList = 2168716D2886EBE9007757C8 /* Build configuration list for PBXNativeTarget "GymBro" */;
			buildPhases = (
				216871562886EBE5007757C8 /* Sources */,
				216871572886EBE5007757C8 /* Frameworks */,
				216871582886EBE5007757C8 /* Resources */,
			);
			buildRules = (
			);
			dependencies = (
			);
			name = GymBro;
			packageProductDependencies = (
			);
			productName = GymBro;
			productReference = 2168715A2886EBE5007757C8 /* GymBro.app */;
			productType = "com.apple.product-type.application";
		};
/* End PBXNativeTarget section */

/* Begin PBXProject section */
		216871522886EBE5007757C8 /* Project object */ = {
			isa = PBXProject;
			attributes = {
				BuildIndependentTargetsInParallel = 1;
				LastSwiftUpdateCheck = 1340;
				LastUpgradeCheck = 1340;
				TargetAttributes = {
					216871592886EBE5007757C8 = {
						CreatedOnToolsVersion = 13.4.1;
					};
				};
			};
			buildConfigurationList = 216871552886EBE5007757C8 /* Build configuration list for PBXProject "GymBro" */;
			compatibilityVersion = "Xcode 13.0";
			developmentRegion = en;
			hasScannedForEncodings = 0;
			knownRegions = (
				en,
				Base,
			);
			mainGroup = 216871512886EBE5007757C8;
			packageReferences = (
			);
			productRefGroup = 2168715B2886EBE5007757C8 /* Products */;
			projectDirPath = "";
			projectRoot = "";
			targets = (
				216871592886EBE5007757C8 /* GymBro */,
			);
		};
/* End PBXProject section */

/* Begin PBXResourcesBuildPhase section */
		216871582886EBE5007757C8 /* Resources */ = {
			isa = PBXResourcesBuildPhase;
			buildActionMask = 2147483647;
			files = (
				216871652886EBE9007757C8 /* Preview Assets.xcassets in Resources */,
				216871622886EBE9007757C8 /* Assets.xcassets in Resources */,
			);
			runOnlyForDeploymentPostprocessing = 0;
		};
/* End PBXResourcesBuildPhase section */

/* Begin PBXSourcesBuildPhase section */
		216871562886EBE5007757C8 /* Sources */ = {
			isa = PBXSourcesBuildPhase;
			buildActionMask = 2147483647;
			files = (
				213772342887313D006A9D4A /* WorkoutCardView.swift in Sources */,
				216871672886EBE9007757C8 /* Persistence.swift in Sources */,
				21D3E8D8288AE9C40077D5E8 /* LayoutVC.swift in Sources */,
				216871602886EBE5007757C8 /* ContentView.swift in Sources */,
				21D3E8D3288AB9D40077D5E8 /* WorkoutModel.swift in Sources */,
				21D3E8DA288AEF4C0077D5E8 /* WorkoutsVC.swift in Sources */,
				21D3E8CB288986E40077D5E8 /* Favorites.swift in Sources */,
				213772292886ED9C006A9D4A /* LayoutView.swift in Sources */,
				21D3E8CD2889998D0077D5E8 /* WorkoutListItemView.swift in Sources */,
				2137722B2886F7CD006A9D4A /* Workouts.swift in Sources */,
				2137722F288729CB006A9D4A /* GifView.swift in Sources */,
				21D3E8CF288AB4DD0077D5E8 /* PlannedWorkouts.swift in Sources */,
				21D3E8D6288AC97E0077D5E8 /* Service.swift in Sources */,
				2168715E2886EBE5007757C8 /* GymBroApp.swift in Sources */,
				2168716A2886EBE9007757C8 /* GymBro.xcdatamodeld in Sources */,
				21D3E8D1288AB93A0077D5E8 /* MuscleModel.swift in Sources */,
				21D3E8C9288986710077D5E8 /* TagView.swift in Sources */,
				21D3E8DD288D4A7F0077D5E8 /* Constants.swift in Sources */,
			);
			runOnlyForDeploymentPostprocessing = 0;
		};
/* End PBXSourcesBuildPhase section */

/* Begin XCBuildConfiguration section */
		2168716B2886EBE9007757C8 /* Debug */ = {
			isa = XCBuildConfiguration;
			buildSettings = {
				ALWAYS_SEARCH_USER_PATHS = NO;
				CLANG_ANALYZER_NONNULL = YES;
				CLANG_ANALYZER_NUMBER_OBJECT_CONVERSION = YES_AGGRESSIVE;
				CLANG_CXX_LANGUAGE_STANDARD = "gnu++17";
				CLANG_ENABLE_MODULES = YES;
				CLANG_ENABLE_OBJC_ARC = YES;
				CLANG_ENABLE_OBJC_WEAK = YES;
				CLANG_WARN_BLOCK_CAPTURE_AUTORELEASING = YES;
				CLANG_WARN_BOOL_CONVERSION = YES;
				CLANG_WARN_COMMA = YES;
				CLANG_WARN_CONSTANT_CONVERSION = YES;
				CLANG_WARN_DEPRECATED_OBJC_IMPLEMENTATIONS = YES;
				CLANG_WARN_DIRECT_OBJC_ISA_USAGE = YES_ERROR;
				CLANG_WARN_DOCUMENTATION_COMMENTS = YES;
				CLANG_WARN_EMPTY_BODY = YES;
				CLANG_WARN_ENUM_CONVERSION = YES;
				CLANG_WARN_INFINITE_RECURSION = YES;
				CLANG_WARN_INT_CONVERSION = YES;
				CLANG_WARN_NON_LITERAL_NULL_CONVERSION = YES;
				CLANG_WARN_OBJC_IMPLICIT_RETAIN_SELF = YES;
				CLANG_WARN_OBJC_LITERAL_CONVERSION = YES;
				CLANG_WARN_OBJC_ROOT_CLASS = YES_ERROR;
				CLANG_WARN_QUOTED_INCLUDE_IN_FRAMEWORK_HEADER = YES;
				CLANG_WARN_RANGE_LOOP_ANALYSIS = YES;
				CLANG_WARN_STRICT_PROTOTYPES = YES;
				CLANG_WARN_SUSPICIOUS_MOVE = YES;
				CLANG_WARN_UNGUARDED_AVAILABILITY = YES_AGGRESSIVE;
				CLANG_WARN_UNREACHABLE_CODE = YES;
				CLANG_WARN__DUPLICATE_METHOD_MATCH = YES;
				COPY_PHASE_STRIP = NO;
				DEBUG_INFORMATION_FORMAT = dwarf;
				ENABLE_STRICT_OBJC_MSGSEND = YES;
				ENABLE_TESTABILITY = YES;
				GCC_C_LANGUAGE_STANDARD = gnu11;
				GCC_DYNAMIC_NO_PIC = NO;
				GCC_NO_COMMON_BLOCKS = YES;
				GCC_OPTIMIZATION_LEVEL = 0;
				GCC_PREPROCESSOR_DEFINITIONS = (
					"DEBUG=1",
					"$(inherited)",
				);
				GCC_WARN_64_TO_32_BIT_CONVERSION = YES;
				GCC_WARN_ABOUT_RETURN_TYPE = YES_ERROR;
				GCC_WARN_UNDECLARED_SELECTOR = YES;
				GCC_WARN_UNINITIALIZED_AUTOS = YES_AGGRESSIVE;
				GCC_WARN_UNUSED_FUNCTION = YES;
				GCC_WARN_UNUSED_VARIABLE = YES;
				IPHONEOS_DEPLOYMENT_TARGET = 15.5;
				MTL_ENABLE_DEBUG_INFO = INCLUDE_SOURCE;
				MTL_FAST_MATH = YES;
				ONLY_ACTIVE_ARCH = YES;
				SDKROOT = iphoneos;
				SWIFT_ACTIVE_COMPILATION_CONDITIONS = DEBUG;
				SWIFT_OPTIMIZATION_LEVEL = "-Onone";
			};
			name = Debug;
		};
		2168716C2886EBE9007757C8 /* Release */ = {
			isa = XCBuildConfiguration;
			buildSettings = {
				ALWAYS_SEARCH_USER_PATHS = NO;
				CLANG_ANALYZER_NONNULL = YES;
				CLANG_ANALYZER_NUMBER_OBJECT_CONVERSION = YES_AGGRESSIVE;
				CLANG_CXX_LANGUAGE_STANDARD = "gnu++17";
				CLANG_ENABLE_MODULES = YES;
				CLANG_ENABLE_OBJC_ARC = YES;
				CLANG_ENABLE_OBJC_WEAK = YES;
				CLANG_WARN_BLOCK_CAPTURE_AUTORELEASING = YES;
				CLANG_WARN_BOOL_CONVERSION = YES;
				CLANG_WARN_COMMA = YES;
				CLANG_WARN_CONSTANT_CONVERSION = YES;
				CLANG_WARN_DEPRECATED_OBJC_IMPLEMENTATIONS = YES;
				CLANG_WARN_DIRECT_OBJC_ISA_USAGE = YES_ERROR;
				CLANG_WARN_DOCUMENTATION_COMMENTS = YES;
				CLANG_WARN_EMPTY_BODY = YES;
				CLANG_WARN_ENUM_CONVERSION = YES;
				CLANG_WARN_INFINITE_RECURSION = YES;
				CLANG_WARN_INT_CONVERSION = YES;
				CLANG_WARN_NON_LITERAL_NULL_CONVERSION = YES;
				CLANG_WARN_OBJC_IMPLICIT_RETAIN_SELF = YES;
				CLANG_WARN_OBJC_LITERAL_CONVERSION = YES;
				CLANG_WARN_OBJC_ROOT_CLASS = YES_ERROR;
				CLANG_WARN_QUOTED_INCLUDE_IN_FRAMEWORK_HEADER = YES;
				CLANG_WARN_RANGE_LOOP_ANALYSIS = YES;
				CLANG_WARN_STRICT_PROTOTYPES = YES;
				CLANG_WARN_SUSPICIOUS_MOVE = YES;
				CLANG_WARN_UNGUARDED_AVAILABILITY = YES_AGGRESSIVE;
				CLANG_WARN_UNREACHABLE_CODE = YES;
				CLANG_WARN__DUPLICATE_METHOD_MATCH = YES;
				COPY_PHASE_STRIP = NO;
				DEBUG_INFORMATION_FORMAT = "dwarf-with-dsym";
				ENABLE_NS_ASSERTIONS = NO;
				ENABLE_STRICT_OBJC_MSGSEND = YES;
				GCC_C_LANGUAGE_STANDARD = gnu11;
				GCC_NO_COMMON_BLOCKS = YES;
				GCC_WARN_64_TO_32_BIT_CONVERSION = YES;
				GCC_WARN_ABOUT_RETURN_TYPE = YES_ERROR;
				GCC_WARN_UNDECLARED_SELECTOR = YES;
				GCC_WARN_UNINITIALIZED_AUTOS = YES_AGGRESSIVE;
				GCC_WARN_UNUSED_FUNCTION = YES;
				GCC_WARN_UNUSED_VARIABLE = YES;
				IPHONEOS_DEPLOYMENT_TARGET = 15.5;
				MTL_ENABLE_DEBUG_INFO = NO;
				MTL_FAST_MATH = YES;
				SDKROOT = iphoneos;
				SWIFT_COMPILATION_MODE = wholemodule;
				SWIFT_OPTIMIZATION_LEVEL = "-O";
				VALIDATE_PRODUCT = YES;
			};
			name = Release;
		};
		2168716E2886EBE9007757C8 /* Debug */ = {
			isa = XCBuildConfiguration;
			buildSettings = {
				ASSETCATALOG_COMPILER_APPICON_NAME = AppIcon;
				ASSETCATALOG_COMPILER_GLOBAL_ACCENT_COLOR_NAME = AccentColor;
				CODE_SIGN_STYLE = Automatic;
				CURRENT_PROJECT_VERSION = 1;
				DEVELOPMENT_ASSET_PATHS = "\"GymBro/Preview Content\"";
				DEVELOPMENT_TEAM = 6ANX7ZKG8C;
				ENABLE_PREVIEWS = YES;
				GENERATE_INFOPLIST_FILE = YES;
				INFOPLIST_FILE = GymBro/Info.plist;
				INFOPLIST_KEY_UIApplicationSceneManifest_Generation = YES;
				INFOPLIST_KEY_UIApplicationSupportsIndirectInputEvents = YES;
				INFOPLIST_KEY_UILaunchScreen_Generation = YES;
				INFOPLIST_KEY_UISupportedInterfaceOrientations_iPad = "UIInterfaceOrientationPortrait UIInterfaceOrientationPortraitUpsideDown UIInterfaceOrientationLandscapeLeft UIInterfaceOrientationLandscapeRight";
				INFOPLIST_KEY_UISupportedInterfaceOrientations_iPhone = "UIInterfaceOrientationPortrait UIInterfaceOrientationLandscapeLeft UIInterfaceOrientationLandscapeRight";
				IPHONEOS_DEPLOYMENT_TARGET = 15.5;
				LD_RUNPATH_SEARCH_PATHS = (
					"$(inherited)",
					"@executable_path/Frameworks",
				);
				MARKETING_VERSION = 1.0;
				PRODUCT_BUNDLE_IDENTIFIER = com.gsanikidze.GymBro;
				PRODUCT_NAME = "$(TARGET_NAME)";
				SWIFT_EMIT_LOC_STRINGS = YES;
				SWIFT_VERSION = 5.0;
				TARGETED_DEVICE_FAMILY = "1,2";
			};
			name = Debug;
		};
		2168716F2886EBE9007757C8 /* Release */ = {
			isa = XCBuildConfiguration;
			buildSettings = {
				ASSETCATALOG_COMPILER_APPICON_NAME = AppIcon;
				ASSETCATALOG_COMPILER_GLOBAL_ACCENT_COLOR_NAME = AccentColor;
				CODE_SIGN_STYLE = Automatic;
				CURRENT_PROJECT_VERSION = 1;
				DEVELOPMENT_ASSET_PATHS = "\"GymBro/Preview Content\"";
				DEVELOPMENT_TEAM = 6ANX7ZKG8C;
				ENABLE_PREVIEWS = YES;
				GENERATE_INFOPLIST_FILE = YES;
				INFOPLIST_FILE = GymBro/Info.plist;
				INFOPLIST_KEY_UIApplicationSceneManifest_Generation = YES;
				INFOPLIST_KEY_UIApplicationSupportsIndirectInputEvents = YES;
				INFOPLIST_KEY_UILaunchScreen_Generation = YES;
				INFOPLIST_KEY_UISupportedInterfaceOrientations_iPad = "UIInterfaceOrientationPortrait UIInterfaceOrientationPortraitUpsideDown UIInterfaceOrientationLandscapeLeft UIInterfaceOrientationLandscapeRight";
				INFOPLIST_KEY_UISupportedInterfaceOrientations_iPhone = "UIInterfaceOrientationPortrait UIInterfaceOrientationLandscapeLeft UIInterfaceOrientationLandscapeRight";
				IPHONEOS_DEPLOYMENT_TARGET = 15.5;
				LD_RUNPATH_SEARCH_PATHS = (
					"$(inherited)",
					"@executable_path/Frameworks",
				);
				MARKETING_VERSION = 1.0;
				PRODUCT_BUNDLE_IDENTIFIER = com.gsanikidze.GymBro;
				PRODUCT_NAME = "$(TARGET_NAME)";
				SWIFT_EMIT_LOC_STRINGS = YES;
				SWIFT_VERSION = 5.0;
				TARGETED_DEVICE_FAMILY = "1,2";
			};
			name = Release;
		};
/* End XCBuildConfiguration section */

/* Begin XCConfigurationList section */
		216871552886EBE5007757C8 /* Build configuration list for PBXProject "GymBro" */ = {
			isa = XCConfigurationList;
			buildConfigurations = (
				2168716B2886EBE9007757C8 /* Debug */,
				2168716C2886EBE9007757C8 /* Release */,
			);
			defaultConfigurationIsVisible = 0;
			defaultConfigurationName = Release;
		};
		2168716D2886EBE9007757C8 /* Build configuration list for PBXNativeTarget "GymBro" */ = {
			isa = XCConfigurationList;
			buildConfigurations = (
				2168716E2886EBE9007757C8 /* Debug */,
				2168716F2886EBE9007757C8 /* Release */,
			);
			defaultConfigurationIsVisible = 0;
			defaultConfigurationName = Release;
		};
/* End XCConfigurationList section */

/* Begin XCVersionGroup section */
		216871682886EBE9007757C8 /* GymBro.xcdatamodeld */ = {
			isa = XCVersionGroup;
			children = (
				216871692886EBE9007757C8 /* GymBro.xcdatamodel */,
			);
			currentVersion = 216871692886EBE9007757C8 /* GymBro.xcdatamodel */;
			path = GymBro.xcdatamodeld;
			sourceTree = "<group>";
			versionGroupType = wrapper.xcdatamodel;
		};
/* End XCVersionGroup section */
	};
	rootObject = 216871522886EBE5007757C8 /* Project object */;
}
